
Microsoft Visual Studio Solution File, Format Version 12.00
# Visual Studio Version 17
VisualStudioVersion = 17.5.002.0
MinimumVisualStudioVersion = 10.0.40219.1
Project("{9A19103F-16F7-4668-BE54-9A1E7A4F7556}") = "Interfaces_POO", "Interfaces_POO.csproj", "{B4023839-A9AE-4EEA-968F-914E5E1260E2}"
EndProject
Global
	GlobalSection(SolutionConfigurationPlatforms) = preSolution
		Debug|Any CPU = Debug|Any CPU
		Release|Any CPU = Release|Any CPU
	EndGlobalSection
	GlobalSection(ProjectConfigurationPlatforms) = postSolution
		{B4023839-A9AE-4EEA-968F-914E5E1260E2}.Debug|Any CPU.ActiveCfg = Debug|Any CPU
		{B4023839-A9AE-4EEA-968F-914E5E1260E2}.Debug|Any CPU.Build.0 = Debug|Any CPU
		{B4023839-A9AE-4EEA-968F-914E5E1260E2}.Release|Any CPU.ActiveCfg = Release|Any CPU
		{B4023839-A9AE-4EEA-968F-914E5E1260E2}.Release|Any CPU.Build.0 = Release|Any CPU
	EndGlobalSection
	GlobalSection(SolutionProperties) = preSolution
		HideSolutionNode = FALSE
	EndGlobalSection
	GlobalSection(ExtensibilityGlobals) = postSolution
		SolutionGuid = {E9123FCA-06E2-429C-B3DB-578379C1248A}
	EndGlobalSection
EndGlobal
